// !$*UTF8*$!
{
	archiveVersion = 1;
	classes = {
	};
	objectVersion = 51;
	objects = {

/* Begin PBXBuildFile section */
		A49EDB862795A98A00D4A5C2 /* AppDelegate.swift in Sources */ = {isa = PBXBuildFile; fileRef = A49EDB852795A98A00D4A5C2 /* AppDelegate.swift */; };
		A49EDB882795A98A00D4A5C2 /* ContentView.swift in Sources */ = {isa = PBXBuildFile; fileRef = A49EDB872795A98A00D4A5C2 /* ContentView.swift */; };
		A49EDB8A2795A98B00D4A5C2 /* Assets.xcassets in Resources */ = {isa = PBXBuildFile; fileRef = A49EDB892795A98B00D4A5C2 /* Assets.xcassets */; };
		A49EDB8D2795A98B00D4A5C2 /* Preview Assets.xcassets in Resources */ = {isa = PBXBuildFile; fileRef = A49EDB8C2795A98B00D4A5C2 /* Preview Assets.xcassets */; };
		A49EDB902795A98B00D4A5C2 /* Main.storyboard in Resources */ = {isa = PBXBuildFile; fileRef = A49EDB8E2795A98B00D4A5C2 /* Main.storyboard */; };
		A49EDB992795A9C800D4A5C2 /* UsersListView.swift in Sources */ = {isa = PBXBuildFile; fileRef = A49EDB982795A9C800D4A5C2 /* UsersListView.swift */; };
		A49EDB9B2795AA5F00D4A5C2 /* UserModel.swift in Sources */ = {isa = PBXBuildFile; fileRef = A49EDB9A2795AA5F00D4A5C2 /* UserModel.swift */; };
		A49EDB9D2795AA8C00D4A5C2 /* TaskModel.swift in Sources */ = {isa = PBXBuildFile; fileRef = A49EDB9C2795AA8C00D4A5C2 /* TaskModel.swift */; };
		A49EDB9F2795ADAF00D4A5C2 /* UserRow.swift in Sources */ = {isa = PBXBuildFile; fileRef = A49EDB9E2795ADAF00D4A5C2 /* UserRow.swift */; };
		A49EDBA22795B13500D4A5C2 /* TasksListView.swift in Sources */ = {isa = PBXBuildFile; fileRef = A49EDBA12795B13500D4A5C2 /* TasksListView.swift */; };
		A49EDBA42795B14300D4A5C2 /* TaskRow.swift in Sources */ = {isa = PBXBuildFile; fileRef = A49EDBA32795B14300D4A5C2 /* TaskRow.swift */; };
		A49EDBA62795B95000D4A5C2 /* ApiService.swift in Sources */ = {isa = PBXBuildFile; fileRef = A49EDBA52795B95000D4A5C2 /* ApiService.swift */; };
		A49EDBAA2796A93700D4A5C2 /* SearchBarView.swift in Sources */ = {isa = PBXBuildFile; fileRef = A49EDBA92796A93700D4A5C2 /* SearchBarView.swift */; };
		A49EDBAC2796BCEA00D4A5C2 /* CSMError.swift in Sources */ = {isa = PBXBuildFile; fileRef = A49EDBAB2796BCE900D4A5C2 /* CSMError.swift */; };
		A49EDBB52796ECD600D4A5C2 /* CSMItems.swift in Sources */ = {isa = PBXBuildFile; fileRef = A49EDBB42796ECD600D4A5C2 /* CSMItems.swift */; };
		A49EDBB72796ED1D00D4A5C2 /* AppSideBarView.swift in Sources */ = {isa = PBXBuildFile; fileRef = A49EDBB62796ED1D00D4A5C2 /* AppSideBarView.swift */; };
		A49EDBBA279716A800D4A5C2 /* ContactView.swift in Sources */ = {isa = PBXBuildFile; fileRef = A49EDBB9279716A800D4A5C2 /* ContactView.swift */; };
		D94E8136C639D23AB15A87E8 /* Pods_MacCSM.framework in Frameworks */ = {isa = PBXBuildFile; fileRef = 9591AB43063EBD9651BC15F4 /* Pods_MacCSM.framework */; };
/* End PBXBuildFile section */

/* Begin PBXFileReference section */
		53FAB48E80D346A0ED8FB2CE /* Pods-MacCSM.debug.xcconfig */ = {isa = PBXFileReference; includeInIndex = 1; lastKnownFileType = text.xcconfig; name = "Pods-MacCSM.debug.xcconfig"; path = "Target Support Files/Pods-MacCSM/Pods-MacCSM.debug.xcconfig"; sourceTree = "<group>"; };
		5FC25189BB580DB1CC351C21 /* Pods-MacCSM.release.xcconfig */ = {isa = PBXFileReference; includeInIndex = 1; lastKnownFileType = text.xcconfig; name = "Pods-MacCSM.release.xcconfig"; path = "Target Support Files/Pods-MacCSM/Pods-MacCSM.release.xcconfig"; sourceTree = "<group>"; };
		9591AB43063EBD9651BC15F4 /* Pods_MacCSM.framework */ = {isa = PBXFileReference; explicitFileType = wrapper.framework; includeInIndex = 0; path = Pods_MacCSM.framework; sourceTree = BUILT_PRODUCTS_DIR; };
		A49EDB822795A98A00D4A5C2 /* MacCSM.app */ = {isa = PBXFileReference; explicitFileType = wrapper.application; includeInIndex = 0; path = MacCSM.app; sourceTree = BUILT_PRODUCTS_DIR; };
		A49EDB852795A98A00D4A5C2 /* AppDelegate.swift */ = {isa = PBXFileReference; lastKnownFileType = sourcecode.swift; path = AppDelegate.swift; sourceTree = "<group>"; };
		A49EDB872795A98A00D4A5C2 /* ContentView.swift */ = {isa = PBXFileReference; lastKnownFileType = sourcecode.swift; path = ContentView.swift; sourceTree = "<group>"; };
		A49EDB892795A98B00D4A5C2 /* Assets.xcassets */ = {isa = PBXFileReference; lastKnownFileType = folder.assetcatalog; path = Assets.xcassets; sourceTree = "<group>"; };
		A49EDB8C2795A98B00D4A5C2 /* Preview Assets.xcassets */ = {isa = PBXFileReference; lastKnownFileType = folder.assetcatalog; path = "Preview Assets.xcassets"; sourceTree = "<group>"; };
		A49EDB8F2795A98B00D4A5C2 /* Base */ = {isa = PBXFileReference; lastKnownFileType = file.storyboard; name = Base; path = Base.lproj/Main.storyboard; sourceTree = "<group>"; };
		A49EDB912795A98B00D4A5C2 /* Info.plist */ = {isa = PBXFileReference; lastKnownFileType = text.plist.xml; path = Info.plist; sourceTree = "<group>"; };
		A49EDB922795A98B00D4A5C2 /* MacCSM.entitlements */ = {isa = PBXFileReference; lastKnownFileType = text.plist.entitlements; path = MacCSM.entitlements; sourceTree = "<group>"; };
		A49EDB982795A9C800D4A5C2 /* UsersListView.swift */ = {isa = PBXFileReference; lastKnownFileType = sourcecode.swift; path = UsersListView.swift; sourceTree = "<group>"; };
		A49EDB9A2795AA5F00D4A5C2 /* UserModel.swift */ = {isa = PBXFileReference; lastKnownFileType = sourcecode.swift; path = UserModel.swift; sourceTree = "<group>"; };
		A49EDB9C2795AA8C00D4A5C2 /* TaskModel.swift */ = {isa = PBXFileReference; lastKnownFileType = sourcecode.swift; path = TaskModel.swift; sourceTree = "<group>"; };
		A49EDB9E2795ADAF00D4A5C2 /* UserRow.swift */ = {isa = PBXFileReference; lastKnownFileType = sourcecode.swift; path = UserRow.swift; sourceTree = "<group>"; };
		A49EDBA12795B13500D4A5C2 /* TasksListView.swift */ = {isa = PBXFileReference; lastKnownFileType = sourcecode.swift; path = TasksListView.swift; sourceTree = "<group>"; };
		A49EDBA32795B14300D4A5C2 /* TaskRow.swift */ = {isa = PBXFileReference; lastKnownFileType = sourcecode.swift; path = TaskRow.swift; sourceTree = "<group>"; };
		A49EDBA52795B95000D4A5C2 /* ApiService.swift */ = {isa = PBXFileReference; lastKnownFileType = sourcecode.swift; path = ApiService.swift; sourceTree = "<group>"; };
		A49EDBA92796A93700D4A5C2 /* SearchBarView.swift */ = {isa = PBXFileReference; lastKnownFileType = sourcecode.swift; path = SearchBarView.swift; sourceTree = "<group>"; };
		A49EDBAB2796BCE900D4A5C2 /* CSMError.swift */ = {isa = PBXFileReference; lastKnownFileType = sourcecode.swift; path = CSMError.swift; sourceTree = "<group>"; };
		A49EDBB42796ECD600D4A5C2 /* CSMItems.swift */ = {isa = PBXFileReference; fileEncoding = 4; lastKnownFileType = sourcecode.swift; path = CSMItems.swift; sourceTree = "<group>"; };
		A49EDBB62796ED1D00D4A5C2 /* AppSideBarView.swift */ = {isa = PBXFileReference; lastKnownFileType = sourcecode.swift; path = AppSideBarView.swift; sourceTree = "<group>"; };
		A49EDBB9279716A800D4A5C2 /* ContactView.swift */ = {isa = PBXFileReference; lastKnownFileType = sourcecode.swift; path = ContactView.swift; sourceTree = "<group>"; };
/* End PBXFileReference section */

/* Begin PBXFrameworksBuildPhase section */
		A49EDB7F2795A98A00D4A5C2 /* Frameworks */ = {
			isa = PBXFrameworksBuildPhase;
			buildActionMask = 2147483647;
			files = (
				D94E8136C639D23AB15A87E8 /* Pods_MacCSM.framework in Frameworks */,
			);
			runOnlyForDeploymentPostprocessing = 0;
		};
/* End PBXFrameworksBuildPhase section */

/* Begin PBXGroup section */
		5787E19ED486385F353BB95C /* Pods */ = {
			isa = PBXGroup;
			children = (
				53FAB48E80D346A0ED8FB2CE /* Pods-MacCSM.debug.xcconfig */,
				5FC25189BB580DB1CC351C21 /* Pods-MacCSM.release.xcconfig */,
			);
			path = Pods;
			sourceTree = "<group>";
		};
		A49EDB792795A98A00D4A5C2 = {
			isa = PBXGroup;
			children = (
				A49EDB842795A98A00D4A5C2 /* MacCSM */,
				A49EDB832795A98A00D4A5C2 /* Products */,
				5787E19ED486385F353BB95C /* Pods */,
				D72A37B1E2164ECC4FD5EDA1 /* Frameworks */,
			);
			sourceTree = "<group>";
		};
		A49EDB832795A98A00D4A5C2 /* Products */ = {
			isa = PBXGroup;
			children = (
				A49EDB822795A98A00D4A5C2 /* MacCSM.app */,
			);
			name = Products;
			sourceTree = "<group>";
		};
		A49EDB842795A98A00D4A5C2 /* MacCSM */ = {
			isa = PBXGroup;
			children = (
				A49EDBB62796ED1D00D4A5C2 /* AppSideBarView.swift */,
				A49EDBB82796FE4000D4A5C2 /* Helpers */,
				A49EDBA82796A60000D4A5C2 /* Service */,
				A49EDBA72796A5EE00D4A5C2 /* Views */,
				A49EDBA02795B0F400D4A5C2 /* Model */,
				A49EDB852795A98A00D4A5C2 /* AppDelegate.swift */,
				A49EDB872795A98A00D4A5C2 /* ContentView.swift */,
				A49EDB892795A98B00D4A5C2 /* Assets.xcassets */,
				A49EDB8E2795A98B00D4A5C2 /* Main.storyboard */,
				A49EDB912795A98B00D4A5C2 /* Info.plist */,
				A49EDB922795A98B00D4A5C2 /* MacCSM.entitlements */,
				A49EDB8B2795A98B00D4A5C2 /* Preview Content */,
			);
			path = MacCSM;
			sourceTree = "<group>";
		};
		A49EDB8B2795A98B00D4A5C2 /* Preview Content */ = {
			isa = PBXGroup;
			children = (
				A49EDB8C2795A98B00D4A5C2 /* Preview Assets.xcassets */,
			);
			path = "Preview Content";
			sourceTree = "<group>";
		};
		A49EDBA02795B0F400D4A5C2 /* Model */ = {
			isa = PBXGroup;
			children = (
				A49EDB9A2795AA5F00D4A5C2 /* UserModel.swift */,
				A49EDB9C2795AA8C00D4A5C2 /* TaskModel.swift */,
			);
			path = Model;
			sourceTree = "<group>";
		};
		A49EDBA72796A5EE00D4A5C2 /* Views */ = {
			isa = PBXGroup;
			children = (
				A49EDB982795A9C800D4A5C2 /* UsersListView.swift */,
				A49EDB9E2795ADAF00D4A5C2 /* UserRow.swift */,
				A49EDBA12795B13500D4A5C2 /* TasksListView.swift */,
				A49EDBA32795B14300D4A5C2 /* TaskRow.swift */,
				A49EDBA92796A93700D4A5C2 /* SearchBarView.swift */,
				A49EDBB9279716A800D4A5C2 /* ContactView.swift */,
			);
			path = Views;
			sourceTree = "<group>";
		};
		A49EDBA82796A60000D4A5C2 /* Service */ = {
			isa = PBXGroup;
			children = (
				A49EDBA52795B95000D4A5C2 /* ApiService.swift */,
			);
			path = Service;
			sourceTree = "<group>";
		};
		A49EDBB82796FE4000D4A5C2 /* Helpers */ = {
			isa = PBXGroup;
			children = (
				A49EDBAB2796BCE900D4A5C2 /* CSMError.swift */,
				A49EDBB42796ECD600D4A5C2 /* CSMItems.swift */,
			);
			path = Helpers;
			sourceTree = "<group>";
		};
		D72A37B1E2164ECC4FD5EDA1 /* Frameworks */ = {
			isa = PBXGroup;
			children = (
				9591AB43063EBD9651BC15F4 /* Pods_MacCSM.framework */,
			);
			name = Frameworks;
			sourceTree = "<group>";
		};
/* End PBXGroup section */

/* Begin PBXNativeTarget section */
		A49EDB812795A98A00D4A5C2 /* MacCSM */ = {
			isa = PBXNativeTarget;
			buildConfigurationList = A49EDB952795A98B00D4A5C2 /* Build configuration list for PBXNativeTarget "MacCSM" */;
			buildPhases = (
				2FF4E3FF7C068F238BB57E47 /* [CP] Check Pods Manifest.lock */,
				A49EDB7E2795A98A00D4A5C2 /* Sources */,
				A49EDB7F2795A98A00D4A5C2 /* Frameworks */,
				A49EDB802795A98A00D4A5C2 /* Resources */,
				E709F7D41946AD6CB6760537 /* [CP] Embed Pods Frameworks */,
			);
			buildRules = (
			);
			dependencies = (
			);
			name = MacCSM;
			productName = MacCSM;
			productReference = A49EDB822795A98A00D4A5C2 /* MacCSM.app */;
			productType = "com.apple.product-type.application";
		};
/* End PBXNativeTarget section */

/* Begin PBXProject section */
		A49EDB7A2795A98A00D4A5C2 /* Project object */ = {
			isa = PBXProject;
			attributes = {
				LastSwiftUpdateCheck = 1250;
				LastUpgradeCheck = 1250;
				TargetAttributes = {
					A49EDB812795A98A00D4A5C2 = {
						CreatedOnToolsVersion = 12.5.1;
					};
				};
			};
			buildConfigurationList = A49EDB7D2795A98A00D4A5C2 /* Build configuration list for PBXProject "MacCSM" */;
			compatibilityVersion = "Xcode 9.3";
			developmentRegion = en;
			hasScannedForEncodings = 0;
			knownRegions = (
				en,
				Base,
			);
			mainGroup = A49EDB792795A98A00D4A5C2;
			productRefGroup = A49EDB832795A98A00D4A5C2 /* Products */;
			projectDirPath = "";
			projectRoot = "";
			targets = (
				A49EDB812795A98A00D4A5C2 /* MacCSM */,
			);
		};
/* End PBXProject section */

/* Begin PBXResourcesBuildPhase section */
		A49EDB802795A98A00D4A5C2 /* Resources */ = {
			isa = PBXResourcesBuildPhase;
			buildActionMask = 2147483647;
			files = (
				A49EDB902795A98B00D4A5C2 /* Main.storyboard in Resources */,
				A49EDB8D2795A98B00D4A5C2 /* Preview Assets.xcassets in Resources */,
				A49EDB8A2795A98B00D4A5C2 /* Assets.xcassets in Resources */,
			);
			runOnlyForDeploymentPostprocessing = 0;
		};
/* End PBXResourcesBuildPhase section */

/* Begin PBXShellScriptBuildPhase section */
		2FF4E3FF7C068F238BB57E47 /* [CP] Check Pods Manifest.lock */ = {
			isa = PBXShellScriptBuildPhase;
			buildActionMask = 2147483647;
			files = (
			);
			inputFileListPaths = (
			);
			inputPaths = (
				"${PODS_PODFILE_DIR_PATH}/Podfile.lock",
				"${PODS_ROOT}/Manifest.lock",
			);
			name = "[CP] Check Pods Manifest.lock";
			outputFileListPaths = (
			);
			outputPaths = (
				"$(DERIVED_FILE_DIR)/Pods-MacCSM-checkManifestLockResult.txt",
			);
			runOnlyForDeploymentPostprocessing = 0;
			shellPath = /bin/sh;
			shellScript = "diff \"${PODS_PODFILE_DIR_PATH}/Podfile.lock\" \"${PODS_ROOT}/Manifest.lock\" > /dev/null\nif [ $? != 0 ] ; then\n    # print error to STDERR\n    echo \"error: The sandbox is not in sync with the Podfile.lock. Run 'pod install' or update your CocoaPods installation.\" >&2\n    exit 1\nfi\n# This output is used by Xcode 'outputs' to avoid re-running this script phase.\necho \"SUCCESS\" > \"${SCRIPT_OUTPUT_FILE_0}\"\n";
			showEnvVarsInLog = 0;
		};
		E709F7D41946AD6CB6760537 /* [CP] Embed Pods Frameworks */ = {
			isa = PBXShellScriptBuildPhase;
			buildActionMask = 2147483647;
			files = (
			);
			inputFileListPaths = (
				"${PODS_ROOT}/Target Support Files/Pods-MacCSM/Pods-MacCSM-frameworks-${CONFIGURATION}-input-files.xcfilelist",
			);
			name = "[CP] Embed Pods Frameworks";
			outputFileListPaths = (
				"${PODS_ROOT}/Target Support Files/Pods-MacCSM/Pods-MacCSM-frameworks-${CONFIGURATION}-output-files.xcfilelist",
			);
			runOnlyForDeploymentPostprocessing = 0;
			shellPath = /bin/sh;
			shellScript = "\"${PODS_ROOT}/Target Support Files/Pods-MacCSM/Pods-MacCSM-frameworks.sh\"\n";
			showEnvVarsInLog = 0;
		};
/* End PBXShellScriptBuildPhase section */

/* Begin PBXSourcesBuildPhase section */
		A49EDB7E2795A98A00D4A5C2 /* Sources */ = {
			isa = PBXSourcesBuildPhase;
			buildActionMask = 2147483647;
			files = (
				A49EDBAA2796A93700D4A5C2 /* SearchBarView.swift in Sources */,
				A49EDBA22795B13500D4A5C2 /* TasksListView.swift in Sources */,
				A49EDBB52796ECD600D4A5C2 /* CSMItems.swift in Sources */,
				A49EDB882795A98A00D4A5C2 /* ContentView.swift in Sources */,
				A49EDB992795A9C800D4A5C2 /* UsersListView.swift in Sources */,
				A49EDBB72796ED1D00D4A5C2 /* AppSideBarView.swift in Sources */,
				A49EDBA42795B14300D4A5C2 /* TaskRow.swift in Sources */,
				A49EDB9D2795AA8C00D4A5C2 /* TaskModel.swift in Sources */,
				A49EDBAC2796BCEA00D4A5C2 /* CSMError.swift in Sources */,
				A49EDBA62795B95000D4A5C2 /* ApiService.swift in Sources */,
				A49EDB9F2795ADAF00D4A5C2 /* UserRow.swift in Sources */,
				A49EDBBA279716A800D4A5C2 /* ContactView.swift in Sources */,
				A49EDB9B2795AA5F00D4A5C2 /* UserModel.swift in Sources */,
				A49EDB862795A98A00D4A5C2 /* AppDelegate.swift in Sources */,
			);
			runOnlyForDeploymentPostprocessing = 0;
		};
/* End PBXSourcesBuildPhase section */

/* Begin PBXVariantGroup section */
		A49EDB8E2795A98B00D4A5C2 /* Main.storyboard */ = {
			isa = PBXVariantGroup;
			children = (
				A49EDB8F2795A98B00D4A5C2 /* Base */,
			);
			name = Main.storyboard;
			sourceTree = "<group>";
		};
/* End PBXVariantGroup section */

/* Begin XCBuildConfiguration section */
		A49EDB932795A98B00D4A5C2 /* Debug */ = {
			isa = XCBuildConfiguration;
			buildSettings = {
				ALWAYS_SEARCH_USER_PATHS = NO;
				CLANG_ANALYZER_NONNULL = YES;
				CLANG_ANALYZER_NUMBER_OBJECT_CONVERSION = YES_AGGRESSIVE;
				CLANG_CXX_LANGUAGE_STANDARD = "gnu++14";
				CLANG_CXX_LIBRARY = "libc++";
				CLANG_ENABLE_MODULES = YES;
				CLANG_ENABLE_OBJC_ARC = YES;
				CLANG_ENABLE_OBJC_WEAK = YES;
				CLANG_WARN_BLOCK_CAPTURE_AUTORELEASING = YES;
				CLANG_WARN_BOOL_CONVERSION = YES;
				CLANG_WARN_COMMA = YES;
				CLANG_WARN_CONSTANT_CONVERSION = YES;
				CLANG_WARN_DEPRECATED_OBJC_IMPLEMENTATIONS = YES;
				CLANG_WARN_DIRECT_OBJC_ISA_USAGE = YES_ERROR;
				CLANG_WARN_DOCUMENTATION_COMMENTS = YES;
				CLANG_WARN_EMPTY_BODY = YES;
				CLANG_WARN_ENUM_CONVERSION = YES;
				CLANG_WARN_INFINITE_RECURSION = YES;
				CLANG_WARN_INT_CONVERSION = YES;
				CLANG_WARN_NON_LITERAL_NULL_CONVERSION = YES;
				CLANG_WARN_OBJC_IMPLICIT_RETAIN_SELF = YES;
				CLANG_WARN_OBJC_LITERAL_CONVERSION = YES;
				CLANG_WARN_OBJC_ROOT_CLASS = YES_ERROR;
				CLANG_WARN_QUOTED_INCLUDE_IN_FRAMEWORK_HEADER = YES;
				CLANG_WARN_RANGE_LOOP_ANALYSIS = YES;
				CLANG_WARN_STRICT_PROTOTYPES = YES;
				CLANG_WARN_SUSPICIOUS_MOVE = YES;
				CLANG_WARN_UNGUARDED_AVAILABILITY = YES_AGGRESSIVE;
				CLANG_WARN_UNREACHABLE_CODE = YES;
				CLANG_WARN__DUPLICATE_METHOD_MATCH = YES;
				COPY_PHASE_STRIP = NO;
				DEBUG_INFORMATION_FORMAT = dwarf;
				ENABLE_STRICT_OBJC_MSGSEND = YES;
				ENABLE_TESTABILITY = YES;
				GCC_C_LANGUAGE_STANDARD = gnu11;
				GCC_DYNAMIC_NO_PIC = NO;
				GCC_NO_COMMON_BLOCKS = YES;
				GCC_OPTIMIZATION_LEVEL = 0;
				GCC_PREPROCESSOR_DEFINITIONS = (
					"DEBUG=1",
					"$(inherited)",
				);
				GCC_WARN_64_TO_32_BIT_CONVERSION = YES;
				GCC_WARN_ABOUT_RETURN_TYPE = YES_ERROR;
				GCC_WARN_UNDECLARED_SELECTOR = YES;
				GCC_WARN_UNINITIALIZED_AUTOS = YES_AGGRESSIVE;
				GCC_WARN_UNUSED_FUNCTION = YES;
				GCC_WARN_UNUSED_VARIABLE = YES;
				MACOSX_DEPLOYMENT_TARGET = 11.0;
				MTL_ENABLE_DEBUG_INFO = INCLUDE_SOURCE;
				MTL_FAST_MATH = YES;
				ONLY_ACTIVE_ARCH = YES;
				SDKROOT = macosx;
				SWIFT_ACTIVE_COMPILATION_CONDITIONS = DEBUG;
				SWIFT_OPTIMIZATION_LEVEL = "-Onone";
			};
			name = Debug;
		};
		A49EDB942795A98B00D4A5C2 /* Release */ = {
			isa = XCBuildConfiguration;
			buildSettings = {
				ALWAYS_SEARCH_USER_PATHS = NO;
				CLANG_ANALYZER_NONNULL = YES;
				CLANG_ANALYZER_NUMBER_OBJECT_CONVERSION = YES_AGGRESSIVE;
				CLANG_CXX_LANGUAGE_STANDARD = "gnu++14";
				CLANG_CXX_LIBRARY = "libc++";
				CLANG_ENABLE_MODULES = YES;
				CLANG_ENABLE_OBJC_ARC = YES;
				CLANG_ENABLE_OBJC_WEAK = YES;
				CLANG_WARN_BLOCK_CAPTURE_AUTORELEASING = YES;
				CLANG_WARN_BOOL_CONVERSION = YES;
				CLANG_WARN_COMMA = YES;
				CLANG_WARN_CONSTANT_CONVERSION = YES;
				CLANG_WARN_DEPRECATED_OBJC_IMPLEMENTATIONS = YES;
				CLANG_WARN_DIRECT_OBJC_ISA_USAGE = YES_ERROR;
				CLANG_WARN_DOCUMENTATION_COMMENTS = YES;
				CLANG_WARN_EMPTY_BODY = YES;
				CLANG_WARN_ENUM_CONVERSION = YES;
				CLANG_WARN_INFINITE_RECURSION = YES;
				CLANG_WARN_INT_CONVERSION = YES;
				CLANG_WARN_NON_LITERAL_NULL_CONVERSION = YES;
				CLANG_WARN_OBJC_IMPLICIT_RETAIN_SELF = YES;
				CLANG_WARN_OBJC_LITERAL_CONVERSION = YES;
				CLANG_WARN_OBJC_ROOT_CLASS = YES_ERROR;
				CLANG_WARN_QUOTED_INCLUDE_IN_FRAMEWORK_HEADER = YES;
				CLANG_WARN_RANGE_LOOP_ANALYSIS = YES;
				CLANG_WARN_STRICT_PROTOTYPES = YES;
				CLANG_WARN_SUSPICIOUS_MOVE = YES;
				CLANG_WARN_UNGUARDED_AVAILABILITY = YES_AGGRESSIVE;
				CLANG_WARN_UNREACHABLE_CODE = YES;
				CLANG_WARN__DUPLICATE_METHOD_MATCH = YES;
				COPY_PHASE_STRIP = NO;
				DEBUG_INFORMATION_FORMAT = "dwarf-with-dsym";
				ENABLE_NS_ASSERTIONS = NO;
				ENABLE_STRICT_OBJC_MSGSEND = YES;
				GCC_C_LANGUAGE_STANDARD = gnu11;
				GCC_NO_COMMON_BLOCKS = YES;
				GCC_WARN_64_TO_32_BIT_CONVERSION = YES;
				GCC_WARN_ABOUT_RETURN_TYPE = YES_ERROR;
				GCC_WARN_UNDECLARED_SELECTOR = YES;
				GCC_WARN_UNINITIALIZED_AUTOS = YES_AGGRESSIVE;
				GCC_WARN_UNUSED_FUNCTION = YES;
				GCC_WARN_UNUSED_VARIABLE = YES;
				MACOSX_DEPLOYMENT_TARGET = 11.0;
				MTL_ENABLE_DEBUG_INFO = NO;
				MTL_FAST_MATH = YES;
				SDKROOT = macosx;
				SWIFT_COMPILATION_MODE = wholemodule;
				SWIFT_OPTIMIZATION_LEVEL = "-O";
			};
			name = Release;
		};
		A49EDB962795A98B00D4A5C2 /* Debug */ = {
			isa = XCBuildConfiguration;
			baseConfigurationReference = 53FAB48E80D346A0ED8FB2CE /* Pods-MacCSM.debug.xcconfig */;
			buildSettings = {
				ASSETCATALOG_COMPILER_APPICON_NAME = AppIcon;
				ASSETCATALOG_COMPILER_GLOBAL_ACCENT_COLOR_NAME = AccentColor;
				CODE_SIGN_ENTITLEMENTS = MacCSM/MacCSM.entitlements;
				CODE_SIGN_STYLE = Automatic;
				COMBINE_HIDPI_IMAGES = YES;
				DEVELOPMENT_ASSET_PATHS = "\"MacCSM/Preview Content\"";
				ENABLE_PREVIEWS = YES;
				INFOPLIST_FILE = MacCSM/Info.plist;
				LD_RUNPATH_SEARCH_PATHS = (
					"$(inherited)",
					"@executable_path/../Frameworks",
				);
				MACOSX_DEPLOYMENT_TARGET = 11.0;
				PRODUCT_BUNDLE_IDENTIFIER = com.saddle.choice.MacCSM;
				PRODUCT_NAME = "$(TARGET_NAME)";
				SWIFT_VERSION = 5.0;
			};
			name = Debug;
		};
		A49EDB972795A98B00D4A5C2 /* Release */ = {
			isa = XCBuildConfiguration;
			baseConfigurationReference = 5FC25189BB580DB1CC351C21 /* Pods-MacCSM.release.xcconfig */;
			buildSettings = {
				ASSETCATALOG_COMPILER_APPICON_NAME = AppIcon;
				ASSETCATALOG_COMPILER_GLOBAL_ACCENT_COLOR_NAME = AccentColor;
				CODE_SIGN_ENTITLEMENTS = MacCSM/MacCSM.entitlements;
				CODE_SIGN_STYLE = Automatic;
				COMBINE_HIDPI_IMAGES = YES;
				DEVELOPMENT_ASSET_PATHS = "\"MacCSM/Preview Content\"";
				ENABLE_PREVIEWS = YES;
				INFOPLIST_FILE = MacCSM/Info.plist;
				LD_RUNPATH_SEARCH_PATHS = (
					"$(inherited)",
					"@executable_path/../Frameworks",
				);
				MACOSX_DEPLOYMENT_TARGET = 11.0;
				PRODUCT_BUNDLE_IDENTIFIER = com.saddle.choice.MacCSM;
				PRODUCT_NAME = "$(TARGET_NAME)";
				SWIFT_VERSION = 5.0;
			};
			name = Release;
		};
/* End XCBuildConfiguration section */

/* Begin XCConfigurationList section */
		A49EDB7D2795A98A00D4A5C2 /* Build configuration list for PBXProject "MacCSM" */ = {
			isa = XCConfigurationList;
			buildConfigurations = (
				A49EDB932795A98B00D4A5C2 /* Debug */,
				A49EDB942795A98B00D4A5C2 /* Release */,
			);
			defaultConfigurationIsVisible = 0;
			defaultConfigurationName = Release;
		};
		A49EDB952795A98B00D4A5C2 /* Build configuration list for PBXNativeTarget "MacCSM" */ = {
			isa = XCConfigurationList;
			buildConfigurations = (
				A49EDB962795A98B00D4A5C2 /* Debug */,
				A49EDB972795A98B00D4A5C2 /* Release */,
			);
			defaultConfigurationIsVisible = 0;
			defaultConfigurationName = Release;
		};
/* End XCConfigurationList section */
	};
	rootObject = A49EDB7A2795A98A00D4A5C2 /* Project object */;
}
